// !$*UTF8*$!
{
	archiveVersion = 1;
	classes = {
	};
	objectVersion = 55;
	objects = {

/* Begin PBXBuildFile section */
		D55C90322705FBF10017B477 /* Stats.swift in Sources */ = {isa = PBXBuildFile; fileRef = D55C90312705FBF10017B477 /* Stats.swift */; };
		D55C90342706082B0017B477 /* ViewControllerClass.swift in Sources */ = {isa = PBXBuildFile; fileRef = D55C90332706082A0017B477 /* ViewControllerClass.swift */; };
		D5F1EACB2705D23900C8DB18 /* AppDelegate.swift in Sources */ = {isa = PBXBuildFile; fileRef = D5F1EACA2705D23900C8DB18 /* AppDelegate.swift */; };
		D5F1EACD2705D23900C8DB18 /* SceneDelegate.swift in Sources */ = {isa = PBXBuildFile; fileRef = D5F1EACC2705D23900C8DB18 /* SceneDelegate.swift */; };
		D5F1EACF2705D23900C8DB18 /* ViewController.swift in Sources */ = {isa = PBXBuildFile; fileRef = D5F1EACE2705D23900C8DB18 /* ViewController.swift */; };
		D5F1EAD22705D23900C8DB18 /* Main.storyboard in Resources */ = {isa = PBXBuildFile; fileRef = D5F1EAD02705D23900C8DB18 /* Main.storyboard */; };
		D5F1EAD42705D24C00C8DB18 /* Assets.xcassets in Resources */ = {isa = PBXBuildFile; fileRef = D5F1EAD32705D24C00C8DB18 /* Assets.xcassets */; };
		D5F1EAD72705D24C00C8DB18 /* LaunchScreen.storyboard in Resources */ = {isa = PBXBuildFile; fileRef = D5F1EAD52705D24C00C8DB18 /* LaunchScreen.storyboard */; };
/* End PBXBuildFile section */

/* Begin PBXFileReference section */
		D55C90312705FBF10017B477 /* Stats.swift */ = {isa = PBXFileReference; lastKnownFileType = sourcecode.swift; path = Stats.swift; sourceTree = "<group>"; };
		D55C90332706082A0017B477 /* ViewControllerClass.swift */ = {isa = PBXFileReference; lastKnownFileType = sourcecode.swift; path = ViewControllerClass.swift; sourceTree = "<group>"; };
		D5F1EAC72705D23900C8DB18 /* noviZadatak.app */ = {isa = PBXFileReference; explicitFileType = wrapper.application; includeInIndex = 0; path = noviZadatak.app; sourceTree = BUILT_PRODUCTS_DIR; };
		D5F1EACA2705D23900C8DB18 /* AppDelegate.swift */ = {isa = PBXFileReference; lastKnownFileType = sourcecode.swift; path = AppDelegate.swift; sourceTree = "<group>"; };
		D5F1EACC2705D23900C8DB18 /* SceneDelegate.swift */ = {isa = PBXFileReference; lastKnownFileType = sourcecode.swift; path = SceneDelegate.swift; sourceTree = "<group>"; };
		D5F1EACE2705D23900C8DB18 /* ViewController.swift */ = {isa = PBXFileReference; lastKnownFileType = sourcecode.swift; path = ViewController.swift; sourceTree = "<group>"; };
		D5F1EAD12705D23900C8DB18 /* Base */ = {isa = PBXFileReference; lastKnownFileType = file.storyboard; name = Base; path = Base.lproj/Main.storyboard; sourceTree = "<group>"; };
		D5F1EAD32705D24C00C8DB18 /* Assets.xcassets */ = {isa = PBXFileReference; lastKnownFileType = folder.assetcatalog; path = Assets.xcassets; sourceTree = "<group>"; };
		D5F1EAD62705D24C00C8DB18 /* Base */ = {isa = PBXFileReference; lastKnownFileType = file.storyboard; name = Base; path = Base.lproj/LaunchScreen.storyboard; sourceTree = "<group>"; };
		D5F1EAD82705D24C00C8DB18 /* Info.plist */ = {isa = PBXFileReference; lastKnownFileType = text.plist.xml; path = Info.plist; sourceTree = "<group>"; };
/* End PBXFileReference section */

/* Begin PBXFrameworksBuildPhase section */
		D5F1EAC42705D23900C8DB18 /* Frameworks */ = {
			isa = PBXFrameworksBuildPhase;
			buildActionMask = 2147483647;
			files = (
			);
			runOnlyForDeploymentPostprocessing = 0;
		};
/* End PBXFrameworksBuildPhase section */

/* Begin PBXGroup section */
		D5F1EABE2705D23900C8DB18 = {
			isa = PBXGroup;
			children = (
				D5F1EAC92705D23900C8DB18 /* noviZadatak */,
				D5F1EAC82705D23900C8DB18 /* Products */,
			);
			sourceTree = "<group>";
		};
		D5F1EAC82705D23900C8DB18 /* Products */ = {
			isa = PBXGroup;
			children = (
				D5F1EAC72705D23900C8DB18 /* noviZadatak.app */,
			);
			name = Products;
			sourceTree = "<group>";
		};
		D5F1EAC92705D23900C8DB18 /* noviZadatak */ = {
			isa = PBXGroup;
			children = (
				D5F1EACC2705D23900C8DB18 /* SceneDelegate.swift */,
				D5F1EACA2705D23900C8DB18 /* AppDelegate.swift */,
				D55C90312705FBF10017B477 /* Stats.swift */,
				D5F1EACE2705D23900C8DB18 /* ViewController.swift */,
				D55C90332706082A0017B477 /* ViewControllerClass.swift */,
				D5F1EAD02705D23900C8DB18 /* Main.storyboard */,
				D5F1EAD32705D24C00C8DB18 /* Assets.xcassets */,
				D5F1EAD52705D24C00C8DB18 /* LaunchScreen.storyboard */,
				D5F1EAD82705D24C00C8DB18 /* Info.plist */,
			);
			path = noviZadatak;
			sourceTree = "<group>";
		};
/* End PBXGroup section */

/* Begin PBXNativeTarget section */
		D5F1EAC62705D23900C8DB18 /* noviZadatak */ = {
			isa = PBXNativeTarget;
			buildConfigurationList = D5F1EADB2705D24C00C8DB18 /* Build configuration list for PBXNativeTarget "noviZadatak" */;
			buildPhases = (
				D5F1EAC32705D23900C8DB18 /* Sources */,
				D5F1EAC42705D23900C8DB18 /* Frameworks */,
				D5F1EAC52705D23900C8DB18 /* Resources */,
			);
			buildRules = (
			);
			dependencies = (
			);
			name = noviZadatak;
			productName = noviZadatak;
			productReference = D5F1EAC72705D23900C8DB18 /* noviZadatak.app */;
			productType = "com.apple.product-type.application";
		};
/* End PBXNativeTarget section */

/* Begin PBXProject section */
		D5F1EABF2705D23900C8DB18 /* Project object */ = {
			isa = PBXProject;
			attributes = {
				BuildIndependentTargetsInParallel = 1;
				LastSwiftUpdateCheck = 1300;
				LastUpgradeCheck = 1300;
				TargetAttributes = {
					D5F1EAC62705D23900C8DB18 = {
						CreatedOnToolsVersion = 13.0;
					};
				};
			};
			buildConfigurationList = D5F1EAC22705D23900C8DB18 /* Build configuration list for PBXProject "noviZadatak" */;
			compatibilityVersion = "Xcode 13.0";
			developmentRegion = en;
			hasScannedForEncodings = 0;
			knownRegions = (
				en,
				Base,
			);
			mainGroup = D5F1EABE2705D23900C8DB18;
			productRefGroup = D5F1EAC82705D23900C8DB18 /* Products */;
			projectDirPath = "";
			projectRoot = "";
			targets = (
				D5F1EAC62705D23900C8DB18 /* noviZadatak */,
			);
		};
/* End PBXProject section */

/* Begin PBXResourcesBuildPhase section */
		D5F1EAC52705D23900C8DB18 /* Resources */ = {
			isa = PBXResourcesBuildPhase;
			buildActionMask = 2147483647;
			files = (
				D5F1EAD72705D24C00C8DB18 /* LaunchScreen.storyboard in Resources */,
				D5F1EAD42705D24C00C8DB18 /* Assets.xcassets in Resources */,
				D5F1EAD22705D23900C8DB18 /* Main.storyboard in Resources */,
			);
			runOnlyForDeploymentPostprocessing = 0;
		};
/* End PBXResourcesBuildPhase section */

/* Begin PBXSourcesBuildPhase section */
		D5F1EAC32705D23900C8DB18 /* Sources */ = {
			isa = PBXSourcesBuildPhase;
			buildActionMask = 2147483647;
			files = (
				D55C90342706082B0017B477 /* ViewControllerClass.swift in Sources */,
				D5F1EACF2705D23900C8DB18 /* ViewController.swift in Sources */,
				D55C90322705FBF10017B477 /* Stats.swift in Sources */,
				D5F1EACB2705D23900C8DB18 /* AppDelegate.swift in Sources */,
				D5F1EACD2705D23900C8DB18 /* SceneDelegate.swift in Sources */,
			);
			runOnlyForDeploymentPostprocessing = 0;
		};
/* End PBXSourcesBuildPhase section */

/* Begin PBXVariantGroup section */
		D5F1EAD02705D23900C8DB18 /* Main.storyboard */ = {
			isa = PBXVariantGroup;
			children = (
				D5F1EAD12705D23900C8DB18 /* Base */,
			);
			name = Main.storyboard;
			sourceTree = "<group>";
		};
		D5F1EAD52705D24C00C8DB18 /* LaunchScreen.storyboard */ = {
			isa = PBXVariantGroup;
			children = (
				D5F1EAD62705D24C00C8DB18 /* Base */,
			);
			name = LaunchScreen.storyboard;
			sourceTree = "<group>";
		};
/* End PBXVariantGroup section */

/* Begin XCBuildConfiguration section */
		D5F1EAD92705D24C00C8DB18 /* Debug */ = {
			isa = XCBuildConfiguration;
			buildSettings = {
				ALWAYS_SEARCH_USER_PATHS = NO;
				CLANG_ANALYZER_NONNULL = YES;
				CLANG_ANALYZER_NUMBER_OBJECT_CONVERSION = YES_AGGRESSIVE;
				CLANG_CXX_LANGUAGE_STANDARD = "gnu++17";
				CLANG_CXX_LIBRARY = "libc++";
				CLANG_ENABLE_MODULES = YES;
				CLANG_ENABLE_OBJC_ARC = YES;
				CLANG_ENABLE_OBJC_WEAK = YES;
				CLANG_WARN_BLOCK_CAPTURE_AUTORELEASING = YES;
				CLANG_WARN_BOOL_CONVERSION = YES;
				CLANG_WARN_COMMA = YES;
				CLANG_WARN_CONSTANT_CONVERSION = YES;
				CLANG_WARN_DEPRECATED_OBJC_IMPLEMENTATIONS = YES;
				CLANG_WARN_DIRECT_OBJC_ISA_USAGE = YES_ERROR;
				CLANG_WARN_DOCUMENTATION_COMMENTS = YES;
				CLANG_WARN_EMPTY_BODY = YES;
				CLANG_WARN_ENUM_CONVERSION = YES;
				CLANG_WARN_INFINITE_RECURSION = YES;
				CLANG_WARN_INT_CONVERSION = YES;
				CLANG_WARN_NON_LITERAL_NULL_CONVERSION = YES;
				CLANG_WARN_OBJC_IMPLICIT_RETAIN_SELF = YES;
				CLANG_WARN_OBJC_LITERAL_CONVERSION = YES;
				CLANG_WARN_OBJC_ROOT_CLASS = YES_ERROR;
				CLANG_WARN_QUOTED_INCLUDE_IN_FRAMEWORK_HEADER = YES;
				CLANG_WARN_RANGE_LOOP_ANALYSIS = YES;
				CLANG_WARN_STRICT_PROTOTYPES = YES;
				CLANG_WARN_SUSPICIOUS_MOVE = YES;
				CLANG_WARN_UNGUARDED_AVAILABILITY = YES_AGGRESSIVE;
				CLANG_WARN_UNREACHABLE_CODE = YES;
				CLANG_WARN__DUPLICATE_METHOD_MATCH = YES;
				COPY_PHASE_STRIP = NO;
				DEBUG_INFORMATION_FORMAT = dwarf;
				ENABLE_STRICT_OBJC_MSGSEND = YES;
				ENABLE_TESTABILITY = YES;
				GCC_C_LANGUAGE_STANDARD = gnu11;
				GCC_DYNAMIC_NO_PIC = NO;
				GCC_NO_COMMON_BLOCKS = YES;
				GCC_OPTIMIZATION_LEVEL = 0;
				GCC_PREPROCESSOR_DEFINITIONS = (
					"DEBUG=1",
					"$(inherited)",
				);
				GCC_WARN_64_TO_32_BIT_CONVERSION = YES;
				GCC_WARN_ABOUT_RETURN_TYPE = YES_ERROR;
				GCC_WARN_UNDECLARED_SELECTOR = YES;
				GCC_WARN_UNINITIALIZED_AUTOS = YES_AGGRESSIVE;
				GCC_WARN_UNUSED_FUNCTION = YES;
				GCC_WARN_UNUSED_VARIABLE = YES;
				IPHONEOS_DEPLOYMENT_TARGET = 15.0;
				MTL_ENABLE_DEBUG_INFO = INCLUDE_SOURCE;
				MTL_FAST_MATH = YES;
				ONLY_ACTIVE_ARCH = YES;
				SDKROOT = iphoneos;
				SWIFT_ACTIVE_COMPILATION_CONDITIONS = DEBUG;
				SWIFT_OPTIMIZATION_LEVEL = "-Onone";
			};
			name = Debug;
		};
		D5F1EADA2705D24C00C8DB18 /* Release */ = {
			isa = XCBuildConfiguration;
			buildSettings = {
				ALWAYS_SEARCH_USER_PATHS = NO;
				CLANG_ANALYZER_NONNULL = YES;
				CLANG_ANALYZER_NUMBER_OBJECT_CONVERSION = YES_AGGRESSIVE;
				CLANG_CXX_LANGUAGE_STANDARD = "gnu++17";
				CLANG_CXX_LIBRARY = "libc++";
				CLANG_ENABLE_MODULES = YES;
				CLANG_ENABLE_OBJC_ARC = YES;
				CLANG_ENABLE_OBJC_WEAK = YES;
				CLANG_WARN_BLOCK_CAPTURE_AUTORELEASING = YES;
				CLANG_WARN_BOOL_CONVERSION = YES;
				CLANG_WARN_COMMA = YES;
				CLANG_WARN_CONSTANT_CONVERSION = YES;
				CLANG_WARN_DEPRECATED_OBJC_IMPLEMENTATIONS = YES;
				CLANG_WARN_DIRECT_OBJC_ISA_USAGE = YES_ERROR;
				CLANG_WARN_DOCUMENTATION_COMMENTS = YES;
				CLANG_WARN_EMPTY_BODY = YES;
				CLANG_WARN_ENUM_CONVERSION = YES;
				CLANG_WARN_INFINITE_RECURSION = YES;
				CLANG_WARN_INT_CONVERSION = YES;
				CLANG_WARN_NON_LITERAL_NULL_CONVERSION = YES;
				CLANG_WARN_OBJC_IMPLICIT_RETAIN_SELF = YES;
				CLANG_WARN_OBJC_LITERAL_CONVERSION = YES;
				CLANG_WARN_OBJC_ROOT_CLASS = YES_ERROR;
				CLANG_WARN_QUOTED_INCLUDE_IN_FRAMEWORK_HEADER = YES;
				CLANG_WARN_RANGE_LOOP_ANALYSIS = YES;
				CLANG_WARN_STRICT_PROTOTYPES = YES;
				CLANG_WARN_SUSPICIOUS_MOVE = YES;
				CLANG_WARN_UNGUARDED_AVAILABILITY = YES_AGGRESSIVE;
				CLANG_WARN_UNREACHABLE_CODE = YES;
				CLANG_WARN__DUPLICATE_METHOD_MATCH = YES;
				COPY_PHASE_STRIP = NO;
				DEBUG_INFORMATION_FORMAT = "dwarf-with-dsym";
				ENABLE_NS_ASSERTIONS = NO;
				ENABLE_STRICT_OBJC_MSGSEND = YES;
				GCC_C_LANGUAGE_STANDARD = gnu11;
				GCC_NO_COMMON_BLOCKS = YES;
				GCC_WARN_64_TO_32_BIT_CONVERSION = YES;
				GCC_WARN_ABOUT_RETURN_TYPE = YES_ERROR;
				GCC_WARN_UNDECLARED_SELECTOR = YES;
				GCC_WARN_UNINITIALIZED_AUTOS = YES_AGGRESSIVE;
				GCC_WARN_UNUSED_FUNCTION = YES;
				GCC_WARN_UNUSED_VARIABLE = YES;
				IPHONEOS_DEPLOYMENT_TARGET = 15.0;
				MTL_ENABLE_DEBUG_INFO = NO;
				MTL_FAST_MATH = YES;
				SDKROOT = iphoneos;
				SWIFT_COMPILATION_MODE = wholemodule;
				SWIFT_OPTIMIZATION_LEVEL = "-O";
				VALIDATE_PRODUCT = YES;
			};
			name = Release;
		};
		D5F1EADC2705D24C00C8DB18 /* Debug */ = {
			isa = XCBuildConfiguration;
			buildSettings = {
				ASSETCATALOG_COMPILER_APPICON_NAME = AppIcon;
				ASSETCATALOG_COMPILER_GLOBAL_ACCENT_COLOR_NAME = AccentColor;
				CODE_SIGN_STYLE = Automatic;
				CURRENT_PROJECT_VERSION = 1;
				DEVELOPMENT_TEAM = V6Y3C52CRB;
				GENERATE_INFOPLIST_FILE = YES;
				INFOPLIST_FILE = noviZadatak/Info.plist;
				INFOPLIST_KEY_UIApplicationSupportsIndirectInputEvents = YES;
				INFOPLIST_KEY_UILaunchStoryboardName = LaunchScreen;
				INFOPLIST_KEY_UIMainStoryboardFile = Main;
				INFOPLIST_KEY_UISupportedInterfaceOrientations_iPad = "UIInterfaceOrientationPortrait UIInterfaceOrientationPortraitUpsideDown UIInterfaceOrientationLandscapeLeft UIInterfaceOrientationLandscapeRight";
				INFOPLIST_KEY_UISupportedInterfaceOrientations_iPhone = "UIInterfaceOrientationPortrait UIInterfaceOrientationLandscapeLeft UIInterfaceOrientationLandscapeRight";
				LD_RUNPATH_SEARCH_PATHS = (
					"$(inherited)",
					"@executable_path/Frameworks",
				);
				MARKETING_VERSION = 1.0;
				PRODUCT_BUNDLE_IDENTIFIER = "MERA-Software-Services.noviZadatak";
				PRODUCT_NAME = "$(TARGET_NAME)";
				SWIFT_EMIT_LOC_STRINGS = YES;
				SWIFT_VERSION = 5.0;
				TARGETED_DEVICE_FAMILY = "1,2";
			};
			name = Debug;
		};
		D5F1EADD2705D24C00C8DB18 /* Release */ = {
			isa = XCBuildConfiguration;
			buildSettings = {
				ASSETCATALOG_COMPILER_APPICON_NAME = AppIcon;
				ASSETCATALOG_COMPILER_GLOBAL_ACCENT_COLOR_NAME = AccentColor;
				CODE_SIGN_STYLE = Automatic;
				CURRENT_PROJECT_VERSION = 1;
				DEVELOPMENT_TEAM = V6Y3C52CRB;
				GENERATE_INFOPLIST_FILE = YES;
				INFOPLIST_FILE = noviZadatak/Info.plist;
				INFOPLIST_KEY_UIApplicationSupportsIndirectInputEvents = YES;
				INFOPLIST_KEY_UILaunchStoryboardName = LaunchScreen;
				INFOPLIST_KEY_UIMainStoryboardFile = Main;
				INFOPLIST_KEY_UISupportedInterfaceOrientations_iPad = "UIInterfaceOrientationPortrait UIInterfaceOrientationPortraitUpsideDown UIInterfaceOrientationLandscapeLeft UIInterfaceOrientationLandscapeRight";
				INFOPLIST_KEY_UISupportedInterfaceOrientations_iPhone = "UIInterfaceOrientationPortrait UIInterfaceOrientationLandscapeLeft UIInterfaceOrientationLandscapeRight";
				LD_RUNPATH_SEARCH_PATHS = (
					"$(inherited)",
					"@executable_path/Frameworks",
				);
				MARKETING_VERSION = 1.0;
				PRODUCT_BUNDLE_IDENTIFIER = "MERA-Software-Services.noviZadatak";
				PRODUCT_NAME = "$(TARGET_NAME)";
				SWIFT_EMIT_LOC_STRINGS = YES;
				SWIFT_VERSION = 5.0;
				TARGETED_DEVICE_FAMILY = "1,2";
			};
			name = Release;
		};
/* End XCBuildConfiguration section */

/* Begin XCConfigurationList section */
		D5F1EAC22705D23900C8DB18 /* Build configuration list for PBXProject "noviZadatak" */ = {
			isa = XCConfigurationList;
			buildConfigurations = (
				D5F1EAD92705D24C00C8DB18 /* Debug */,
				D5F1EADA2705D24C00C8DB18 /* Release */,
			);
			defaultConfigurationIsVisible = 0;
			defaultConfigurationName = Release;
		};
		D5F1EADB2705D24C00C8DB18 /* Build configuration list for PBXNativeTarget "noviZadatak" */ = {
			isa = XCConfigurationList;
			buildConfigurations = (
				D5F1EADC2705D24C00C8DB18 /* Debug */,
				D5F1EADD2705D24C00C8DB18 /* Release */,
			);
			defaultConfigurationIsVisible = 0;
			defaultConfigurationName = Release;
		};
/* End XCConfigurationList section */
	};
	rootObject = D5F1EABF2705D23900C8DB18 /* Project object */;
}
